
Microsoft Visual Studio Solution File, Format Version 12.00
# Visual Studio Version 17
VisualStudioVersion = 17.6.33712.159
MinimumVisualStudioVersion = 10.0.40219.1
Project("{FAE04EC0-301F-11D3-BF4B-00C04F79EFBC}") = "BankSystem", "BankSystem\BankSystem.csproj", "{6823868E-0D2E-4135-BEFB-C3B46BC73A1A}"
EndProject
Global
	GlobalSection(SolutionConfigurationPlatforms) = preSolution
		Debug|Any CPU = Debug|Any CPU
		Release|Any CPU = Release|Any CPU
	EndGlobalSection
	GlobalSection(ProjectConfigurationPlatforms) = postSolution
		{6823868E-0D2E-4135-BEFB-C3B46BC73A1A}.Debug|Any CPU.ActiveCfg = Debug|Any CPU
		{6823868E-0D2E-4135-BEFB-C3B46BC73A1A}.Debug|Any CPU.Build.0 = Debug|Any CPU
		{6823868E-0D2E-4135-BEFB-C3B46BC73A1A}.Release|Any CPU.ActiveCfg = Release|Any CPU
		{6823868E-0D2E-4135-BEFB-C3B46BC73A1A}.Release|Any CPU.Build.0 = Release|Any CPU
	EndGlobalSection
	GlobalSection(SolutionProperties) = preSolution
		HideSolutionNode = FALSE
	EndGlobalSection
	GlobalSection(ExtensibilityGlobals) = postSolution
		SolutionGuid = {76E0D54E-55A8-4D1F-8A6D-96202097D2DD}
	EndGlobalSection
EndGlobal
